// !$*UTF8*$!
{
	archiveVersion = 1;
	classes = {
	};
	objectVersion = 46;
	objects = {

/* Begin PBXBuildFile section */
		4CF2FBBA1D75856F007683EF /* AppDelegate.swift in Sources */ = {isa = PBXBuildFile; fileRef = 4CF2FBB91D75856F007683EF /* AppDelegate.swift */; };
		4CF2FBBC1D75856F007683EF /* ViewController.swift in Sources */ = {isa = PBXBuildFile; fileRef = 4CF2FBBB1D75856F007683EF /* ViewController.swift */; };
		4CF2FBBF1D75856F007683EF /* Main.storyboard in Resources */ = {isa = PBXBuildFile; fileRef = 4CF2FBBD1D75856F007683EF /* Main.storyboard */; };
		4CF2FBC21D75856F007683EF /* ToDoList.xcdatamodeld in Sources */ = {isa = PBXBuildFile; fileRef = 4CF2FBC01D75856F007683EF /* ToDoList.xcdatamodeld */; };
		4CF2FBC41D75856F007683EF /* Assets.xcassets in Resources */ = {isa = PBXBuildFile; fileRef = 4CF2FBC31D75856F007683EF /* Assets.xcassets */; };
		4CF2FBC71D75856F007683EF /* LaunchScreen.storyboard in Resources */ = {isa = PBXBuildFile; fileRef = 4CF2FBC51D75856F007683EF /* LaunchScreen.storyboard */; };
		4CF2FBD21D75856F007683EF /* ToDoListTests.swift in Sources */ = {isa = PBXBuildFile; fileRef = 4CF2FBD11D75856F007683EF /* ToDoListTests.swift */; };
		4CF2FBDD1D75856F007683EF /* ToDoListUITests.swift in Sources */ = {isa = PBXBuildFile; fileRef = 4CF2FBDC1D75856F007683EF /* ToDoListUITests.swift */; };
/* End PBXBuildFile section */

/* Begin PBXContainerItemProxy section */
		4CF2FBCE1D75856F007683EF /* PBXContainerItemProxy */ = {
			isa = PBXContainerItemProxy;
			containerPortal = 4CF2FBAE1D75856F007683EF /* Project object */;
			proxyType = 1;
			remoteGlobalIDString = 4CF2FBB51D75856F007683EF;
			remoteInfo = ToDoList;
		};
		4CF2FBD91D75856F007683EF /* PBXContainerItemProxy */ = {
			isa = PBXContainerItemProxy;
			containerPortal = 4CF2FBAE1D75856F007683EF /* Project object */;
			proxyType = 1;
			remoteGlobalIDString = 4CF2FBB51D75856F007683EF;
			remoteInfo = ToDoList;
		};
/* End PBXContainerItemProxy section */

/* Begin PBXFileReference section */
		4CF2FBB61D75856F007683EF /* ToDoList.app */ = {isa = PBXFileReference; explicitFileType = wrapper.application; includeInIndex = 0; path = ToDoList.app; sourceTree = BUILT_PRODUCTS_DIR; };
		4CF2FBB91D75856F007683EF /* AppDelegate.swift */ = {isa = PBXFileReference; lastKnownFileType = sourcecode.swift; path = AppDelegate.swift; sourceTree = "<group>"; };
		4CF2FBBB1D75856F007683EF /* ViewController.swift */ = {isa = PBXFileReference; lastKnownFileType = sourcecode.swift; path = ViewController.swift; sourceTree = "<group>"; };
		4CF2FBBE1D75856F007683EF /* Base */ = {isa = PBXFileReference; lastKnownFileType = file.storyboard; name = Base; path = Base.lproj/Main.storyboard; sourceTree = "<group>"; };
		4CF2FBC11D75856F007683EF /* ToDoList.xcdatamodel */ = {isa = PBXFileReference; lastKnownFileType = wrapper.xcdatamodel; path = ToDoList.xcdatamodel; sourceTree = "<group>"; };
		4CF2FBC31D75856F007683EF /* Assets.xcassets */ = {isa = PBXFileReference; lastKnownFileType = folder.assetcatalog; path = Assets.xcassets; sourceTree = "<group>"; };
		4CF2FBC61D75856F007683EF /* Base */ = {isa = PBXFileReference; lastKnownFileType = file.storyboard; name = Base; path = Base.lproj/LaunchScreen.storyboard; sourceTree = "<group>"; };
		4CF2FBC81D75856F007683EF /* Info.plist */ = {isa = PBXFileReference; lastKnownFileType = text.plist.xml; path = Info.plist; sourceTree = "<group>"; };
		4CF2FBCD1D75856F007683EF /* ToDoListTests.xctest */ = {isa = PBXFileReference; explicitFileType = wrapper.cfbundle; includeInIndex = 0; path = ToDoListTests.xctest; sourceTree = BUILT_PRODUCTS_DIR; };
		4CF2FBD11D75856F007683EF /* ToDoListTests.swift */ = {isa = PBXFileReference; lastKnownFileType = sourcecode.swift; path = ToDoListTests.swift; sourceTree = "<group>"; };
		4CF2FBD31D75856F007683EF /* Info.plist */ = {isa = PBXFileReference; lastKnownFileType = text.plist.xml; path = Info.plist; sourceTree = "<group>"; };
		4CF2FBD81D75856F007683EF /* ToDoListUITests.xctest */ = {isa = PBXFileReference; explicitFileType = wrapper.cfbundle; includeInIndex = 0; path = ToDoListUITests.xctest; sourceTree = BUILT_PRODUCTS_DIR; };
		4CF2FBDC1D75856F007683EF /* ToDoListUITests.swift */ = {isa = PBXFileReference; lastKnownFileType = sourcecode.swift; path = ToDoListUITests.swift; sourceTree = "<group>"; };
		4CF2FBDE1D75856F007683EF /* Info.plist */ = {isa = PBXFileReference; lastKnownFileType = text.plist.xml; path = Info.plist; sourceTree = "<group>"; };
/* End PBXFileReference section */

/* Begin PBXFrameworksBuildPhase section */
		4CF2FBB31D75856F007683EF /* Frameworks */ = {
			isa = PBXFrameworksBuildPhase;
			buildActionMask = 2147483647;
			files = (
			);
			runOnlyForDeploymentPostprocessing = 0;
		};
		4CF2FBCA1D75856F007683EF /* Frameworks */ = {
			isa = PBXFrameworksBuildPhase;
			buildActionMask = 2147483647;
			files = (
			);
			runOnlyForDeploymentPostprocessing = 0;
		};
		4CF2FBD51D75856F007683EF /* Frameworks */ = {
			isa = PBXFrameworksBuildPhase;
			buildActionMask = 2147483647;
			files = (
			);
			runOnlyForDeploymentPostprocessing = 0;
		};
/* End PBXFrameworksBuildPhase section */

/* Begin PBXGroup section */
		4CF2FBAD1D75856F007683EF = {
			isa = PBXGroup;
			children = (
				4CF2FBB81D75856F007683EF /* ToDoList */,
				4CF2FBD01D75856F007683EF /* ToDoListTests */,
				4CF2FBDB1D75856F007683EF /* ToDoListUITests */,
				4CF2FBB71D75856F007683EF /* Products */,
			);
			sourceTree = "<group>";
		};
		4CF2FBB71D75856F007683EF /* Products */ = {
			isa = PBXGroup;
			children = (
				4CF2FBB61D75856F007683EF /* ToDoList.app */,
				4CF2FBCD1D75856F007683EF /* ToDoListTests.xctest */,
				4CF2FBD81D75856F007683EF /* ToDoListUITests.xctest */,
			);
			name = Products;
			sourceTree = "<group>";
		};
		4CF2FBB81D75856F007683EF /* ToDoList */ = {
			isa = PBXGroup;
			children = (
				4CF2FBB91D75856F007683EF /* AppDelegate.swift */,
				4CF2FBBB1D75856F007683EF /* ViewController.swift */,
				4CF2FBBD1D75856F007683EF /* Main.storyboard */,
				4CF2FBC31D75856F007683EF /* Assets.xcassets */,
				4CF2FBC51D75856F007683EF /* LaunchScreen.storyboard */,
				4CF2FBC81D75856F007683EF /* Info.plist */,
				4CF2FBC01D75856F007683EF /* ToDoList.xcdatamodeld */,
			);
			path = ToDoList;
			sourceTree = "<group>";
		};
		4CF2FBD01D75856F007683EF /* ToDoListTests */ = {
			isa = PBXGroup;
			children = (
				4CF2FBD11D75856F007683EF /* ToDoListTests.swift */,
				4CF2FBD31D75856F007683EF /* Info.plist */,
			);
			path = ToDoListTests;
			sourceTree = "<group>";
		};
		4CF2FBDB1D75856F007683EF /* ToDoListUITests */ = {
			isa = PBXGroup;
			children = (
				4CF2FBDC1D75856F007683EF /* ToDoListUITests.swift */,
				4CF2FBDE1D75856F007683EF /* Info.plist */,
			);
			path = ToDoListUITests;
			sourceTree = "<group>";
		};
/* End PBXGroup section */

/* Begin PBXNativeTarget section */
		4CF2FBB51D75856F007683EF /* ToDoList */ = {
			isa = PBXNativeTarget;
			buildConfigurationList = 4CF2FBE11D75856F007683EF /* Build configuration list for PBXNativeTarget "ToDoList" */;
			buildPhases = (
				4CF2FBB21D75856F007683EF /* Sources */,
				4CF2FBB31D75856F007683EF /* Frameworks */,
				4CF2FBB41D75856F007683EF /* Resources */,
			);
			buildRules = (
			);
			dependencies = (
			);
			name = ToDoList;
			productName = ToDoList;
			productReference = 4CF2FBB61D75856F007683EF /* ToDoList.app */;
			productType = "com.apple.product-type.application";
		};
		4CF2FBCC1D75856F007683EF /* ToDoListTests */ = {
			isa = PBXNativeTarget;
			buildConfigurationList = 4CF2FBE41D75856F007683EF /* Build configuration list for PBXNativeTarget "ToDoListTests" */;
			buildPhases = (
				4CF2FBC91D75856F007683EF /* Sources */,
				4CF2FBCA1D75856F007683EF /* Frameworks */,
				4CF2FBCB1D75856F007683EF /* Resources */,
			);
			buildRules = (
			);
			dependencies = (
				4CF2FBCF1D75856F007683EF /* PBXTargetDependency */,
			);
			name = ToDoListTests;
			productName = ToDoListTests;
			productReference = 4CF2FBCD1D75856F007683EF /* ToDoListTests.xctest */;
			productType = "com.apple.product-type.bundle.unit-test";
		};
		4CF2FBD71D75856F007683EF /* ToDoListUITests */ = {
			isa = PBXNativeTarget;
			buildConfigurationList = 4CF2FBE71D75856F007683EF /* Build configuration list for PBXNativeTarget "ToDoListUITests" */;
			buildPhases = (
				4CF2FBD41D75856F007683EF /* Sources */,
				4CF2FBD51D75856F007683EF /* Frameworks */,
				4CF2FBD61D75856F007683EF /* Resources */,
			);
			buildRules = (
			);
			dependencies = (
				4CF2FBDA1D75856F007683EF /* PBXTargetDependency */,
			);
			name = ToDoListUITests;
			productName = ToDoListUITests;
			productReference = 4CF2FBD81D75856F007683EF /* ToDoListUITests.xctest */;
			productType = "com.apple.product-type.bundle.ui-testing";
		};
/* End PBXNativeTarget section */

/* Begin PBXProject section */
		4CF2FBAE1D75856F007683EF /* Project object */ = {
			isa = PBXProject;
			attributes = {
				LastSwiftUpdateCheck = 0730;
				LastUpgradeCheck = 0730;
				ORGANIZATIONNAME = gouthamdev;
				TargetAttributes = {
					4CF2FBB51D75856F007683EF = {
						CreatedOnToolsVersion = 7.3.1;
					};
					4CF2FBCC1D75856F007683EF = {
						CreatedOnToolsVersion = 7.3.1;
						TestTargetID = 4CF2FBB51D75856F007683EF;
					};
					4CF2FBD71D75856F007683EF = {
						CreatedOnToolsVersion = 7.3.1;
						TestTargetID = 4CF2FBB51D75856F007683EF;
					};
				};
			};
			buildConfigurationList = 4CF2FBB11D75856F007683EF /* Build configuration list for PBXProject "ToDoList" */;
			compatibilityVersion = "Xcode 3.2";
			developmentRegion = English;
			hasScannedForEncodings = 0;
			knownRegions = (
				en,
				Base,
			);
			mainGroup = 4CF2FBAD1D75856F007683EF;
			productRefGroup = 4CF2FBB71D75856F007683EF /* Products */;
			projectDirPath = "";
			projectRoot = "";
			targets = (
				4CF2FBB51D75856F007683EF /* ToDoList */,
				4CF2FBCC1D75856F007683EF /* ToDoListTests */,
				4CF2FBD71D75856F007683EF /* ToDoListUITests */,
			);
		};
/* End PBXProject section */

/* Begin PBXResourcesBuildPhase section */
		4CF2FBB41D75856F007683EF /* Resources */ = {
			isa = PBXResourcesBuildPhase;
			buildActionMask = 2147483647;
			files = (
				4CF2FBC71D75856F007683EF /* LaunchScreen.storyboard in Resources */,
				4CF2FBC41D75856F007683EF /* Assets.xcassets in Resources */,
				4CF2FBBF1D75856F007683EF /* Main.storyboard in Resources */,
			);
			runOnlyForDeploymentPostprocessing = 0;
		};
		4CF2FBCB1D75856F007683EF /* Resources */ = {
			isa = PBXResourcesBuildPhase;
			buildActionMask = 2147483647;
			files = (
			);
			runOnlyForDeploymentPostprocessing = 0;
		};
		4CF2FBD61D75856F007683EF /* Resources */ = {
			isa = PBXResourcesBuildPhase;
			buildActionMask = 2147483647;
			files = (
			);
			runOnlyForDeploymentPostprocessing = 0;
		};
/* End PBXResourcesBuildPhase section */

/* Begin PBXSourcesBuildPhase section */
		4CF2FBB21D75856F007683EF /* Sources */ = {
			isa = PBXSourcesBuildPhase;
			buildActionMask = 2147483647;
			files = (
				4CF2FBBC1D75856F007683EF /* ViewController.swift in Sources */,
				4CF2FBC21D75856F007683EF /* ToDoList.xcdatamodeld in Sources */,
				4CF2FBBA1D75856F007683EF /* AppDelegate.swift in Sources */,
			);
			runOnlyForDeploymentPostprocessing = 0;
		};
		4CF2FBC91D75856F007683EF /* Sources */ = {
			isa = PBXSourcesBuildPhase;
			buildActionMask = 2147483647;
			files = (
				4CF2FBD21D75856F007683EF /* ToDoListTests.swift in Sources */,
			);
			runOnlyForDeploymentPostprocessing = 0;
		};
		4CF2FBD41D75856F007683EF /* Sources */ = {
			isa = PBXSourcesBuildPhase;
			buildActionMask = 2147483647;
			files = (
				4CF2FBDD1D75856F007683EF /* ToDoListUITests.swift in Sources */,
			);
			runOnlyForDeploymentPostprocessing = 0;
		};
/* End PBXSourcesBuildPhase section */

/* Begin PBXTargetDependency section */
		4CF2FBCF1D75856F007683EF /* PBXTargetDependency */ = {
			isa = PBXTargetDependency;
			target = 4CF2FBB51D75856F007683EF /* ToDoList */;
			targetProxy = 4CF2FBCE1D75856F007683EF /* PBXContainerItemProxy */;
		};
		4CF2FBDA1D75856F007683EF /* PBXTargetDependency */ = {
			isa = PBXTargetDependency;
			target = 4CF2FBB51D75856F007683EF /* ToDoList */;
			targetProxy = 4CF2FBD91D75856F007683EF /* PBXContainerItemProxy */;
		};
/* End PBXTargetDependency section */

/* Begin PBXVariantGroup section */
		4CF2FBBD1D75856F007683EF /* Main.storyboard */ = {
			isa = PBXVariantGroup;
			children = (
				4CF2FBBE1D75856F007683EF /* Base */,
			);
			name = Main.storyboard;
			sourceTree = "<group>";
		};
		4CF2FBC51D75856F007683EF /* LaunchScreen.storyboard */ = {
			isa = PBXVariantGroup;
			children = (
				4CF2FBC61D75856F007683EF /* Base */,
			);
			name = LaunchScreen.storyboard;
			sourceTree = "<group>";
		};
/* End PBXVariantGroup section */

/* Begin XCBuildConfiguration section */
		4CF2FBDF1D75856F007683EF /* Debug */ = {
			isa = XCBuildConfiguration;
			buildSettings = {
				ALWAYS_SEARCH_USER_PATHS = NO;
				CLANG_ANALYZER_NONNULL = YES;
				CLANG_CXX_LANGUAGE_STANDARD = "gnu++0x";
				CLANG_CXX_LIBRARY = "libc++";
				CLANG_ENABLE_MODULES = YES;
				CLANG_ENABLE_OBJC_ARC = YES;
				CLANG_WARN_BOOL_CONVERSION = YES;
				CLANG_WARN_CONSTANT_CONVERSION = YES;
				CLANG_WARN_DIRECT_OBJC_ISA_USAGE = YES_ERROR;
				CLANG_WARN_EMPTY_BODY = YES;
				CLANG_WARN_ENUM_CONVERSION = YES;
				CLANG_WARN_INT_CONVERSION = YES;
				CLANG_WARN_OBJC_ROOT_CLASS = YES_ERROR;
				CLANG_WARN_UNREACHABLE_CODE = YES;
				CLANG_WARN__DUPLICATE_METHOD_MATCH = YES;
				"CODE_SIGN_IDENTITY[sdk=iphoneos*]" = "iPhone Developer";
				COPY_PHASE_STRIP = NO;
				DEBUG_INFORMATION_FORMAT = dwarf;
				ENABLE_STRICT_OBJC_MSGSEND = YES;
				ENABLE_TESTABILITY = YES;
				GCC_C_LANGUAGE_STANDARD = gnu99;
				GCC_DYNAMIC_NO_PIC = NO;
				GCC_NO_COMMON_BLOCKS = YES;
				GCC_OPTIMIZATION_LEVEL = 0;
				GCC_PREPROCESSOR_DEFINITIONS = (
					"DEBUG=1",
					"$(inherited)",
				);
				GCC_WARN_64_TO_32_BIT_CONVERSION = YES;
				GCC_WARN_ABOUT_RETURN_TYPE = YES_ERROR;
				GCC_WARN_UNDECLARED_SELECTOR = YES;
				GCC_WARN_UNINITIALIZED_AUTOS = YES_AGGRESSIVE;
				GCC_WARN_UNUSED_FUNCTION = YES;
				GCC_WARN_UNUSED_VARIABLE = YES;
				IPHONEOS_DEPLOYMENT_TARGET = 9.3;
				MTL_ENABLE_DEBUG_INFO = YES;
				ONLY_ACTIVE_ARCH = YES;
				SDKROOT = iphoneos;
				SWIFT_OPTIMIZATION_LEVEL = "-Onone";
			};
			name = Debug;
		};
		4CF2FBE01D75856F007683EF /* Release */ = {
			isa = XCBuildConfiguration;
			buildSettings = {
				ALWAYS_SEARCH_USER_PATHS = NO;
				CLANG_ANALYZER_NONNULL = YES;
				CLANG_CXX_LANGUAGE_STANDARD = "gnu++0x";
				CLANG_CXX_LIBRARY = "libc++";
				CLANG_ENABLE_MODULES = YES;
				CLANG_ENABLE_OBJC_ARC = YES;
				CLANG_WARN_BOOL_CONVERSION = YES;
				CLANG_WARN_CONSTANT_CONVERSION = YES;
				CLANG_WARN_DIRECT_OBJC_ISA_USAGE = YES_ERROR;
				CLANG_WARN_EMPTY_BODY = YES;
				CLANG_WARN_ENUM_CONVERSION = YES;
				CLANG_WARN_INT_CONVERSION = YES;
				CLANG_WARN_OBJC_ROOT_CLASS = YES_ERROR;
				CLANG_WARN_UNREACHABLE_CODE = YES;
				CLANG_WARN__DUPLICATE_METHOD_MATCH = YES;
				"CODE_SIGN_IDENTITY[sdk=iphoneos*]" = "iPhone Developer";
				COPY_PHASE_STRIP = NO;
				DEBUG_INFORMATION_FORMAT = "dwarf-with-dsym";
				ENABLE_NS_ASSERTIONS = NO;
				ENABLE_STRICT_OBJC_MSGSEND = YES;
				GCC_C_LANGUAGE_STANDARD = gnu99;
				GCC_NO_COMMON_BLOCKS = YES;
				GCC_WARN_64_TO_32_BIT_CONVERSION = YES;
				GCC_WARN_ABOUT_RETURN_TYPE = YES_ERROR;
				GCC_WARN_UNDECLARED_SELECTOR = YES;
				GCC_WARN_UNINITIALIZED_AUTOS = YES_AGGRESSIVE;
				GCC_WARN_UNUSED_FUNCTION = YES;
				GCC_WARN_UNUSED_VARIABLE = YES;
				IPHONEOS_DEPLOYMENT_TARGET = 9.3;
				MTL_ENABLE_DEBUG_INFO = NO;
				SDKROOT = iphoneos;
				VALIDATE_PRODUCT = YES;
			};
			name = Release;
		};
		4CF2FBE21D75856F007683EF /* Debug */ = {
			isa = XCBuildConfiguration;
			buildSettings = {
				ASSETCATALOG_COMPILER_APPICON_NAME = AppIcon;
				INFOPLIST_FILE = ToDoList/Info.plist;
				LD_RUNPATH_SEARCH_PATHS = "$(inherited) @executable_path/Frameworks";
				PRODUCT_BUNDLE_IDENTIFIER = com.gouthamdev.ToDoList;
				PRODUCT_NAME = "$(TARGET_NAME)";
			};
			name = Debug;
		};
		4CF2FBE31D75856F007683EF /* Release */ = {
			isa = XCBuildConfiguration;
			buildSettings = {
				ASSETCATALOG_COMPILER_APPICON_NAME = AppIcon;
				INFOPLIST_FILE = ToDoList/Info.plist;
				LD_RUNPATH_SEARCH_PATHS = "$(inherited) @executable_path/Frameworks";
				PRODUCT_BUNDLE_IDENTIFIER = com.gouthamdev.ToDoList;
				PRODUCT_NAME = "$(TARGET_NAME)";
			};
			name = Release;
		};
		4CF2FBE51D75856F007683EF /* Debug */ = {
			isa = XCBuildConfiguration;
			buildSettings = {
				BUNDLE_LOADER = "$(TEST_HOST)";
				INFOPLIST_FILE = ToDoListTests/Info.plist;
				LD_RUNPATH_SEARCH_PATHS = "$(inherited) @executable_path/Frameworks @loader_path/Frameworks";
				PRODUCT_BUNDLE_IDENTIFIER = com.gouthamdev.ToDoListTests;
				PRODUCT_NAME = "$(TARGET_NAME)";
				TEST_HOST = "$(BUILT_PRODUCTS_DIR)/ToDoList.app/ToDoList";
			};
			name = Debug;
		};
		4CF2FBE61D75856F007683EF /* Release */ = {
			isa = XCBuildConfiguration;
			buildSettings = {
				BUNDLE_LOADER = "$(TEST_HOST)";
				INFOPLIST_FILE = ToDoListTests/Info.plist;
				LD_RUNPATH_SEARCH_PATHS = "$(inherited) @executable_path/Frameworks @loader_path/Frameworks";
				PRODUCT_BUNDLE_IDENTIFIER = com.gouthamdev.ToDoListTests;
				PRODUCT_NAME = "$(TARGET_NAME)";
				TEST_HOST = "$(BUILT_PRODUCTS_DIR)/ToDoList.app/ToDoList";
			};
			name = Release;
		};
		4CF2FBE81D75856F007683EF /* Debug */ = {
			isa = XCBuildConfiguration;
			buildSettings = {
				INFOPLIST_FILE = ToDoListUITests/Info.plist;
				LD_RUNPATH_SEARCH_PATHS = "$(inherited) @executable_path/Frameworks @loader_path/Frameworks";
				PRODUCT_BUNDLE_IDENTIFIER = com.gouthamdev.ToDoListUITests;
				PRODUCT_NAME = "$(TARGET_NAME)";
				TEST_TARGET_NAME = ToDoList;
			};
			name = Debug;
		};
		4CF2FBE91D75856F007683EF /* Release */ = {
			isa = XCBuildConfiguration;
			buildSettings = {
				INFOPLIST_FILE = ToDoListUITests/Info.plist;
				LD_RUNPATH_SEARCH_PATHS = "$(inherited) @executable_path/Frameworks @loader_path/Frameworks";
				PRODUCT_BUNDLE_IDENTIFIER = com.gouthamdev.ToDoListUITests;
				PRODUCT_NAME = "$(TARGET_NAME)";
				TEST_TARGET_NAME = ToDoList;
			};
			name = Release;
		};
/* End XCBuildConfiguration section */

/* Begin XCConfigurationList section */
		4CF2FBB11D75856F007683EF /* Build configuration list for PBXProject "ToDoList" */ = {
			isa = XCConfigurationList;
			buildConfigurations = (
				4CF2FBDF1D75856F007683EF /* Debug */,
				4CF2FBE01D75856F007683EF /* Release */,
			);
			defaultConfigurationIsVisible = 0;
			defaultConfigurationName = Release;
		};
		4CF2FBE11D75856F007683EF /* Build configuration list for PBXNativeTarget "ToDoList" */ = {
			isa = XCConfigurationList;
			buildConfigurations = (
				4CF2FBE21D75856F007683EF /* Debug */,
				4CF2FBE31D75856F007683EF /* Release */,
			);
			defaultConfigurationIsVisible = 0;
		};
		4CF2FBE41D75856F007683EF /* Build configuration list for PBXNativeTarget "ToDoListTests" */ = {
			isa = XCConfigurationList;
			buildConfigurations = (
				4CF2FBE51D75856F007683EF /* Debug */,
				4CF2FBE61D75856F007683EF /* Release */,
			);
			defaultConfigurationIsVisible = 0;
		};
		4CF2FBE71D75856F007683EF /* Build configuration list for PBXNativeTarget "ToDoListUITests" */ = {
			isa = XCConfigurationList;
			buildConfigurations = (
				4CF2FBE81D75856F007683EF /* Debug */,
				4CF2FBE91D75856F007683EF /* Release */,
			);
			defaultConfigurationIsVisible = 0;
		};
/* End XCConfigurationList section */

/* Begin XCVersionGroup section */
		4CF2FBC01D75856F007683EF /* ToDoList.xcdatamodeld */ = {
			isa = XCVersionGroup;
			children = (
				4CF2FBC11D75856F007683EF /* ToDoList.xcdatamodel */,
			);
			currentVersion = 4CF2FBC11D75856F007683EF /* ToDoList.xcdatamodel */;
			path = ToDoList.xcdatamodeld;
			sourceTree = "<group>";
			versionGroupType = wrapper.xcdatamodel;
		};
/* End XCVersionGroup section */
	};
	rootObject = 4CF2FBAE1D75856F007683EF /* Project object */;
}
